
Microsoft Visual Studio Solution File, Format Version 12.00
# Visual Studio 2013
VisualStudioVersion = 12.0.31101.0
MinimumVisualStudioVersion = 10.0.40219.1
Project("{FAE04EC0-301F-11D3-BF4B-00C04F79EFBC}") = "TlsDateService", "TlsDateService\TlsDateService.csproj", "{AA79BEC9-CB79-48AA-91BB-910C5D76182B}"
EndProject
Project("{FAE04EC0-301F-11D3-BF4B-00C04F79EFBC}") = "TlsDate", "TlsDate\TlsDate.csproj", "{4F861209-9067-444E-8A7E-464F106C4D63}"
EndProject
Project("{FAE04EC0-301F-11D3-BF4B-00C04F79EFBC}") = "TlsDateTest", "TlsDateTest\TlsDateTest.csproj", "{3B9F2501-77C2-4375-B723-96C72EFA9D44}"
EndProject
Global
	GlobalSection(SolutionConfigurationPlatforms) = preSolution
		Debug|Any CPU = Debug|Any CPU
		Release|Any CPU = Release|Any CPU
	EndGlobalSection
	GlobalSection(ProjectConfigurationPlatforms) = postSolution
		{AA79BEC9-CB79-48AA-91BB-910C5D76182B}.Debug|Any CPU.ActiveCfg = Debug|Any CPU
		{AA79BEC9-CB79-48AA-91BB-910C5D76182B}.Debug|Any CPU.Build.0 = Debug|Any CPU
		{AA79BEC9-CB79-48AA-91BB-910C5D76182B}.Release|Any CPU.ActiveCfg = Release|Any CPU
		{AA79BEC9-CB79-48AA-91BB-910C5D76182B}.Release|Any CPU.Build.0 = Release|Any CPU
		{4F861209-9067-444E-8A7E-464F106C4D63}.Debug|Any CPU.ActiveCfg = Debug|Any CPU
		{4F861209-9067-444E-8A7E-464F106C4D63}.Debug|Any CPU.Build.0 = Debug|Any CPU
		{4F861209-9067-444E-8A7E-464F106C4D63}.Release|Any CPU.ActiveCfg = Release|Any CPU
		{4F861209-9067-444E-8A7E-464F106C4D63}.Release|Any CPU.Build.0 = Release|Any CPU
		{3B9F2501-77C2-4375-B723-96C72EFA9D44}.Debug|Any CPU.ActiveCfg = Debug|Any CPU
		{3B9F2501-77C2-4375-B723-96C72EFA9D44}.Debug|Any CPU.Build.0 = Debug|Any CPU
		{3B9F2501-77C2-4375-B723-96C72EFA9D44}.Release|Any CPU.ActiveCfg = Release|Any CPU
		{3B9F2501-77C2-4375-B723-96C72EFA9D44}.Release|Any CPU.Build.0 = Release|Any CPU
	EndGlobalSection
	GlobalSection(SolutionProperties) = preSolution
		HideSolutionNode = FALSE
	EndGlobalSection
EndGlobal
